
Microsoft Visual Studio Solution File, Format Version 12.00
# Visual Studio Version 17
VisualStudioVersion = 17.10.34928.147
MinimumVisualStudioVersion = 10.0.40219.1
Project("{FAE04EC0-301F-11D3-BF4B-00C04F79EFBC}") = "De06", "De06.csproj", "{BA3AC369-C865-4CD7-9104-2D45C3A6622F}"
EndProject
Global
	GlobalSection(SolutionConfigurationPlatforms) = preSolution
		Debug|Any CPU = Debug|Any CPU
		Release|Any CPU = Release|Any CPU
	EndGlobalSection
	GlobalSection(ProjectConfigurationPlatforms) = postSolution
		{BA3AC369-C865-4CD7-9104-2D45C3A6622F}.Debug|Any CPU.ActiveCfg = Debug|Any CPU
		{BA3AC369-C865-4CD7-9104-2D45C3A6622F}.Debug|Any CPU.Build.0 = Debug|Any CPU
		{BA3AC369-C865-4CD7-9104-2D45C3A6622F}.Release|Any CPU.ActiveCfg = Release|Any CPU
		{BA3AC369-C865-4CD7-9104-2D45C3A6622F}.Release|Any CPU.Build.0 = Release|Any CPU
	EndGlobalSection
	GlobalSection(SolutionProperties) = preSolution
		HideSolutionNode = FALSE
	EndGlobalSection
	GlobalSection(ExtensibilityGlobals) = postSolution
		SolutionGuid = {FAF11779-622F-41DA-B1AC-101F525519A3}
	EndGlobalSection
EndGlobal
